
Microsoft Visual Studio Solution File, Format Version 12.00
# Visual Studio Version 17
VisualStudioVersion = 17.6.33815.320
MinimumVisualStudioVersion = 10.0.40219.1
Project("{FAE04EC0-301F-11D3-BF4B-00C04F79EFBC}") = "Explore the HashSet", "Explore the HashSet\Explore the HashSet.csproj", "{09DDE3AC-175C-4E9B-806D-5CFCCB047344}"
EndProject
Global
	GlobalSection(SolutionConfigurationPlatforms) = preSolution
		Debug|Any CPU = Debug|Any CPU
		Release|Any CPU = Release|Any CPU
	EndGlobalSection
	GlobalSection(ProjectConfigurationPlatforms) = postSolution
		{09DDE3AC-175C-4E9B-806D-5CFCCB047344}.Debug|Any CPU.ActiveCfg = Debug|Any CPU
		{09DDE3AC-175C-4E9B-806D-5CFCCB047344}.Debug|Any CPU.Build.0 = Debug|Any CPU
		{09DDE3AC-175C-4E9B-806D-5CFCCB047344}.Release|Any CPU.ActiveCfg = Release|Any CPU
		{09DDE3AC-175C-4E9B-806D-5CFCCB047344}.Release|Any CPU.Build.0 = Release|Any CPU
	EndGlobalSection
	GlobalSection(SolutionProperties) = preSolution
		HideSolutionNode = FALSE
	EndGlobalSection
	GlobalSection(ExtensibilityGlobals) = postSolution
		SolutionGuid = {F513D814-D9FA-462E-9084-BC593AAB9185}
	EndGlobalSection
EndGlobal
